
Microsoft Visual Studio Solution File, Format Version 12.00
# Visual Studio 2013
VisualStudioVersion = 12.0.30501.0
MinimumVisualStudioVersion = 10.0.40219.1
Project("{8BC9CEB8-8B4A-11D0-8D11-00A0C91BC942}") = "MathPlayground", "MathPlayground\MathPlayground.vcxproj", "{7B5E9958-943E-46A1-BA41-DC380A0E4049}"
EndProject
Project("{8BC9CEB8-8B4A-11D0-8D11-00A0C91BC942}") = "unittest_MathPlayground", "unittest_MathPlayground\unittest_MathPlayground.vcxproj", "{76C8271A-BA7A-47F5-9619-3FE55A9E6CE1}"
EndProject
Global
	GlobalSection(SolutionConfigurationPlatforms) = preSolution
		Debug|Win32 = Debug|Win32
		Release|Win32 = Release|Win32
	EndGlobalSection
	GlobalSection(ProjectConfigurationPlatforms) = postSolution
		{7B5E9958-943E-46A1-BA41-DC380A0E4049}.Debug|Win32.ActiveCfg = Debug|Win32
		{7B5E9958-943E-46A1-BA41-DC380A0E4049}.Debug|Win32.Build.0 = Debug|Win32
		{7B5E9958-943E-46A1-BA41-DC380A0E4049}.Release|Win32.ActiveCfg = Release|Win32
		{7B5E9958-943E-46A1-BA41-DC380A0E4049}.Release|Win32.Build.0 = Release|Win32
		{76C8271A-BA7A-47F5-9619-3FE55A9E6CE1}.Debug|Win32.ActiveCfg = Debug|Win32
		{76C8271A-BA7A-47F5-9619-3FE55A9E6CE1}.Debug|Win32.Build.0 = Debug|Win32
		{76C8271A-BA7A-47F5-9619-3FE55A9E6CE1}.Release|Win32.ActiveCfg = Release|Win32
		{76C8271A-BA7A-47F5-9619-3FE55A9E6CE1}.Release|Win32.Build.0 = Release|Win32
	EndGlobalSection
	GlobalSection(SolutionProperties) = preSolution
		HideSolutionNode = FALSE
	EndGlobalSection
EndGlobal
